
Microsoft Visual Studio Solution File, Format Version 12.00
# Visual Studio 15
VisualStudioVersion = 15.0.27703.2047
MinimumVisualStudioVersion = 10.0.40219.1
Project("{FAE04EC0-301F-11D3-BF4B-00C04F79EFBC}") = "Clase5", "Clase5\Clase5.csproj", "{6EFCFF26-4E17-45BE-B001-F1D07D36A06B}"
EndProject
Global
	GlobalSection(SolutionConfigurationPlatforms) = preSolution
		Debug|Any CPU = Debug|Any CPU
		Release|Any CPU = Release|Any CPU
	EndGlobalSection
	GlobalSection(ProjectConfigurationPlatforms) = postSolution
		{6EFCFF26-4E17-45BE-B001-F1D07D36A06B}.Debug|Any CPU.ActiveCfg = Debug|Any CPU
		{6EFCFF26-4E17-45BE-B001-F1D07D36A06B}.Debug|Any CPU.Build.0 = Debug|Any CPU
		{6EFCFF26-4E17-45BE-B001-F1D07D36A06B}.Release|Any CPU.ActiveCfg = Release|Any CPU
		{6EFCFF26-4E17-45BE-B001-F1D07D36A06B}.Release|Any CPU.Build.0 = Release|Any CPU
	EndGlobalSection
	GlobalSection(SolutionProperties) = preSolution
		HideSolutionNode = FALSE
	EndGlobalSection
	GlobalSection(ExtensibilityGlobals) = postSolution
		SolutionGuid = {1DBA9CA9-5069-41C5-8A97-10EC663323F9}
	EndGlobalSection
EndGlobal
