
Microsoft Visual Studio Solution File, Format Version 12.00
# Visual Studio 15
VisualStudioVersion = 15.0.27703.2047
MinimumVisualStudioVersion = 10.0.40219.1
Project("{FAE04EC0-301F-11D3-BF4B-00C04F79EFBC}") = "Test", "Test\Test.csproj", "{D095681C-944B-41B9-B425-98817B672210}"
EndProject
Project("{FAE04EC0-301F-11D3-BF4B-00C04F79EFBC}") = "GUI", "GUI\GUI.csproj", "{6B045053-7CAB-487E-BE6F-72F981FDAEE1}"
EndProject
Project("{FAE04EC0-301F-11D3-BF4B-00C04F79EFBC}") = "Entidades", "Entidades\Entidades.csproj", "{E2DD6ACB-B880-4D5B-ADCC-47CF5995A661}"
EndProject
Global
	GlobalSection(SolutionConfigurationPlatforms) = preSolution
		Debug|Any CPU = Debug|Any CPU
		Release|Any CPU = Release|Any CPU
	EndGlobalSection
	GlobalSection(ProjectConfigurationPlatforms) = postSolution
		{D095681C-944B-41B9-B425-98817B672210}.Debug|Any CPU.ActiveCfg = Debug|Any CPU
		{D095681C-944B-41B9-B425-98817B672210}.Debug|Any CPU.Build.0 = Debug|Any CPU
		{D095681C-944B-41B9-B425-98817B672210}.Release|Any CPU.ActiveCfg = Release|Any CPU
		{D095681C-944B-41B9-B425-98817B672210}.Release|Any CPU.Build.0 = Release|Any CPU
		{6B045053-7CAB-487E-BE6F-72F981FDAEE1}.Debug|Any CPU.ActiveCfg = Debug|Any CPU
		{6B045053-7CAB-487E-BE6F-72F981FDAEE1}.Debug|Any CPU.Build.0 = Debug|Any CPU
		{6B045053-7CAB-487E-BE6F-72F981FDAEE1}.Release|Any CPU.ActiveCfg = Release|Any CPU
		{6B045053-7CAB-487E-BE6F-72F981FDAEE1}.Release|Any CPU.Build.0 = Release|Any CPU
		{E2DD6ACB-B880-4D5B-ADCC-47CF5995A661}.Debug|Any CPU.ActiveCfg = Debug|Any CPU
		{E2DD6ACB-B880-4D5B-ADCC-47CF5995A661}.Debug|Any CPU.Build.0 = Debug|Any CPU
		{E2DD6ACB-B880-4D5B-ADCC-47CF5995A661}.Release|Any CPU.ActiveCfg = Release|Any CPU
		{E2DD6ACB-B880-4D5B-ADCC-47CF5995A661}.Release|Any CPU.Build.0 = Release|Any CPU
	EndGlobalSection
	GlobalSection(SolutionProperties) = preSolution
		HideSolutionNode = FALSE
	EndGlobalSection
	GlobalSection(ExtensibilityGlobals) = postSolution
		SolutionGuid = {0549005F-BB8F-4186-98E8-5E1006E6FF9B}
	EndGlobalSection
EndGlobal
